// !$*UTF8*$!
{
	archiveVersion = 1;
	classes = {
	};
	objectVersion = 50;
	objects = {

/* Begin PBXBuildFile section */
		A1ADD1A12366FE05003E020A /* AppDelegate.swift in Sources */ = {isa = PBXBuildFile; fileRef = A1ADD1A02366FE05003E020A /* AppDelegate.swift */; };
		A1ADD1A32366FE05003E020A /* SceneDelegate.swift in Sources */ = {isa = PBXBuildFile; fileRef = A1ADD1A22366FE05003E020A /* SceneDelegate.swift */; };
		A1ADD1A52366FE05003E020A /* ViewController.swift in Sources */ = {isa = PBXBuildFile; fileRef = A1ADD1A42366FE05003E020A /* ViewController.swift */; };
		A1ADD1A82366FE06003E020A /* Main.storyboard in Resources */ = {isa = PBXBuildFile; fileRef = A1ADD1A62366FE06003E020A /* Main.storyboard */; };
		A1ADD1AA2366FE0F003E020A /* Assets.xcassets in Resources */ = {isa = PBXBuildFile; fileRef = A1ADD1A92366FE0F003E020A /* Assets.xcassets */; };
		A1ADD1AD2366FE0F003E020A /* LaunchScreen.storyboard in Resources */ = {isa = PBXBuildFile; fileRef = A1ADD1AB2366FE0F003E020A /* LaunchScreen.storyboard */; };
/* End PBXBuildFile section */

/* Begin PBXFileReference section */
		A1ADD19D2366FE05003E020A /* weitblick_ios.app */ = {isa = PBXFileReference; explicitFileType = wrapper.application; includeInIndex = 0; path = weitblick_ios.app; sourceTree = BUILT_PRODUCTS_DIR; };
		A1ADD1A02366FE05003E020A /* AppDelegate.swift */ = {isa = PBXFileReference; lastKnownFileType = sourcecode.swift; path = AppDelegate.swift; sourceTree = "<group>"; };
		A1ADD1A22366FE05003E020A /* SceneDelegate.swift */ = {isa = PBXFileReference; lastKnownFileType = sourcecode.swift; path = SceneDelegate.swift; sourceTree = "<group>"; };
		A1ADD1A42366FE05003E020A /* ViewController.swift */ = {isa = PBXFileReference; lastKnownFileType = sourcecode.swift; path = ViewController.swift; sourceTree = "<group>"; };
		A1ADD1A72366FE06003E020A /* Base */ = {isa = PBXFileReference; lastKnownFileType = file.storyboard; name = Base; path = Base.lproj/Main.storyboard; sourceTree = "<group>"; };
		A1ADD1A92366FE0F003E020A /* Assets.xcassets */ = {isa = PBXFileReference; lastKnownFileType = folder.assetcatalog; path = Assets.xcassets; sourceTree = "<group>"; };
		A1ADD1AC2366FE0F003E020A /* Base */ = {isa = PBXFileReference; lastKnownFileType = file.storyboard; name = Base; path = Base.lproj/LaunchScreen.storyboard; sourceTree = "<group>"; };
		A1ADD1AE2366FE0F003E020A /* Info.plist */ = {isa = PBXFileReference; lastKnownFileType = text.plist.xml; path = Info.plist; sourceTree = "<group>"; };
/* End PBXFileReference section */

/* Begin PBXFrameworksBuildPhase section */
		A1ADD19A2366FE05003E020A /* Frameworks */ = {
			isa = PBXFrameworksBuildPhase;
			buildActionMask = 2147483647;
			files = (
			);
			runOnlyForDeploymentPostprocessing = 0;
		};
/* End PBXFrameworksBuildPhase section */

/* Begin PBXGroup section */
		A1ADD1942366FE05003E020A = {
			isa = PBXGroup;
			children = (
				A1ADD19F2366FE05003E020A /* weitblick_ios */,
				A1ADD19E2366FE05003E020A /* Products */,
			);
			sourceTree = "<group>";
		};
		A1ADD19E2366FE05003E020A /* Products */ = {
			isa = PBXGroup;
			children = (
				A1ADD19D2366FE05003E020A /* weitblick_ios.app */,
			);
			name = Products;
			sourceTree = "<group>";
		};
		A1ADD19F2366FE05003E020A /* weitblick_ios */ = {
			isa = PBXGroup;
			children = (
				A1ADD1B6236721A7003E020A /* Controllers */,
				A1ADD1B42367217A003E020A /* Models */,
				A1ADD1A02366FE05003E020A /* AppDelegate.swift */,
				A1ADD1A22366FE05003E020A /* SceneDelegate.swift */,
				A1ADD1A42366FE05003E020A /* ViewController.swift */,
				A1ADD1A62366FE06003E020A /* Main.storyboard */,
				A1ADD1A92366FE0F003E020A /* Assets.xcassets */,
				A1ADD1AB2366FE0F003E020A /* LaunchScreen.storyboard */,
				A1ADD1AE2366FE0F003E020A /* Info.plist */,
			);
			path = weitblick_ios;
			sourceTree = "<group>";
		};
		A1ADD1B42367217A003E020A /* Models */ = {
			isa = PBXGroup;
			children = (
			);
			path = Models;
			sourceTree = "<group>";
		};
		A1ADD1B6236721A7003E020A /* Controllers */ = {
			isa = PBXGroup;
			children = (
			);
			path = Controllers;
			sourceTree = "<group>";
		};
/* End PBXGroup section */

/* Begin PBXNativeTarget section */
		A1ADD19C2366FE05003E020A /* weitblick_ios */ = {
			isa = PBXNativeTarget;
			buildConfigurationList = A1ADD1B12366FE0F003E020A /* Build configuration list for PBXNativeTarget "weitblick_ios" */;
			buildPhases = (
				A1ADD1992366FE05003E020A /* Sources */,
				A1ADD19A2366FE05003E020A /* Frameworks */,
				A1ADD19B2366FE05003E020A /* Resources */,
			);
			buildRules = (
			);
			dependencies = (
			);
			name = weitblick_ios;
			productName = weitblick_ios;
			productReference = A1ADD19D2366FE05003E020A /* weitblick_ios.app */;
			productType = "com.apple.product-type.application";
		};
/* End PBXNativeTarget section */

/* Begin PBXProject section */
		A1ADD1952366FE05003E020A /* Project object */ = {
			isa = PBXProject;
			attributes = {
				LastSwiftUpdateCheck = 1110;
				LastUpgradeCheck = 1110;
				ORGANIZATIONNAME = "Hochschule Osnabrück";
				TargetAttributes = {
					A1ADD19C2366FE05003E020A = {
						CreatedOnToolsVersion = 11.1;
					};
				};
			};
			buildConfigurationList = A1ADD1982366FE05003E020A /* Build configuration list for PBXProject "weitblick_ios" */;
			compatibilityVersion = "Xcode 9.3";
			developmentRegion = en;
			hasScannedForEncodings = 0;
			knownRegions = (
				en,
				Base,
			);
			mainGroup = A1ADD1942366FE05003E020A;
			productRefGroup = A1ADD19E2366FE05003E020A /* Products */;
			projectDirPath = "";
			projectRoot = "";
			targets = (
				A1ADD19C2366FE05003E020A /* weitblick_ios */,
			);
		};
/* End PBXProject section */

/* Begin PBXResourcesBuildPhase section */
		A1ADD19B2366FE05003E020A /* Resources */ = {
			isa = PBXResourcesBuildPhase;
			buildActionMask = 2147483647;
			files = (
				A1ADD1AD2366FE0F003E020A /* LaunchScreen.storyboard in Resources */,
				A1ADD1AA2366FE0F003E020A /* Assets.xcassets in Resources */,
				A1ADD1A82366FE06003E020A /* Main.storyboard in Resources */,
			);
			runOnlyForDeploymentPostprocessing = 0;
		};
/* End PBXResourcesBuildPhase section */

/* Begin PBXSourcesBuildPhase section */
		A1ADD1992366FE05003E020A /* Sources */ = {
			isa = PBXSourcesBuildPhase;
			buildActionMask = 2147483647;
			files = (
				A1ADD1A52366FE05003E020A /* ViewController.swift in Sources */,
				A1ADD1A12366FE05003E020A /* AppDelegate.swift in Sources */,
				A1ADD1A32366FE05003E020A /* SceneDelegate.swift in Sources */,
			);
			runOnlyForDeploymentPostprocessing = 0;
		};
/* End PBXSourcesBuildPhase section */

/* Begin PBXVariantGroup section */
		A1ADD1A62366FE06003E020A /* Main.storyboard */ = {
			isa = PBXVariantGroup;
			children = (
				A1ADD1A72366FE06003E020A /* Base */,
			);
			name = Main.storyboard;
			sourceTree = "<group>";
		};
		A1ADD1AB2366FE0F003E020A /* LaunchScreen.storyboard */ = {
			isa = PBXVariantGroup;
			children = (
				A1ADD1AC2366FE0F003E020A /* Base */,
			);
			name = LaunchScreen.storyboard;
			sourceTree = "<group>";
		};
/* End PBXVariantGroup section */

/* Begin XCBuildConfiguration section */
		A1ADD1AF2366FE0F003E020A /* Debug */ = {
			isa = XCBuildConfiguration;
			buildSettings = {
				ALWAYS_SEARCH_USER_PATHS = NO;
				CLANG_ANALYZER_NONNULL = YES;
				CLANG_ANALYZER_NUMBER_OBJECT_CONVERSION = YES_AGGRESSIVE;
				CLANG_CXX_LANGUAGE_STANDARD = "gnu++14";
				CLANG_CXX_LIBRARY = "libc++";
				CLANG_ENABLE_MODULES = YES;
				CLANG_ENABLE_OBJC_ARC = YES;
				CLANG_ENABLE_OBJC_WEAK = YES;
				CLANG_WARN_BLOCK_CAPTURE_AUTORELEASING = YES;
				CLANG_WARN_BOOL_CONVERSION = YES;
				CLANG_WARN_COMMA = YES;
				CLANG_WARN_CONSTANT_CONVERSION = YES;
				CLANG_WARN_DEPRECATED_OBJC_IMPLEMENTATIONS = YES;
				CLANG_WARN_DIRECT_OBJC_ISA_USAGE = YES_ERROR;
				CLANG_WARN_DOCUMENTATION_COMMENTS = YES;
				CLANG_WARN_EMPTY_BODY = YES;
				CLANG_WARN_ENUM_CONVERSION = YES;
				CLANG_WARN_INFINITE_RECURSION = YES;
				CLANG_WARN_INT_CONVERSION = YES;
				CLANG_WARN_NON_LITERAL_NULL_CONVERSION = YES;
				CLANG_WARN_OBJC_IMPLICIT_RETAIN_SELF = YES;
				CLANG_WARN_OBJC_LITERAL_CONVERSION = YES;
				CLANG_WARN_OBJC_ROOT_CLASS = YES_ERROR;
				CLANG_WARN_RANGE_LOOP_ANALYSIS = YES;
				CLANG_WARN_STRICT_PROTOTYPES = YES;
				CLANG_WARN_SUSPICIOUS_MOVE = YES;
				CLANG_WARN_UNGUARDED_AVAILABILITY = YES_AGGRESSIVE;
				CLANG_WARN_UNREACHABLE_CODE = YES;
				CLANG_WARN__DUPLICATE_METHOD_MATCH = YES;
				COPY_PHASE_STRIP = NO;
				DEBUG_INFORMATION_FORMAT = dwarf;
				ENABLE_STRICT_OBJC_MSGSEND = YES;
				ENABLE_TESTABILITY = YES;
				GCC_C_LANGUAGE_STANDARD = gnu11;
				GCC_DYNAMIC_NO_PIC = NO;
				GCC_NO_COMMON_BLOCKS = YES;
				GCC_OPTIMIZATION_LEVEL = 0;
				GCC_PREPROCESSOR_DEFINITIONS = (
					"DEBUG=1",
					"$(inherited)",
				);
				GCC_WARN_64_TO_32_BIT_CONVERSION = YES;
				GCC_WARN_ABOUT_RETURN_TYPE = YES_ERROR;
				GCC_WARN_UNDECLARED_SELECTOR = YES;
				GCC_WARN_UNINITIALIZED_AUTOS = YES_AGGRESSIVE;
				GCC_WARN_UNUSED_FUNCTION = YES;
				GCC_WARN_UNUSED_VARIABLE = YES;
				IPHONEOS_DEPLOYMENT_TARGET = 13.1;
				MTL_ENABLE_DEBUG_INFO = INCLUDE_SOURCE;
				MTL_FAST_MATH = YES;
				ONLY_ACTIVE_ARCH = YES;
				SDKROOT = iphoneos;
				SWIFT_ACTIVE_COMPILATION_CONDITIONS = DEBUG;
				SWIFT_OPTIMIZATION_LEVEL = "-Onone";
			};
			name = Debug;
		};
		A1ADD1B02366FE0F003E020A /* Release */ = {
			isa = XCBuildConfiguration;
			buildSettings = {
				ALWAYS_SEARCH_USER_PATHS = NO;
				CLANG_ANALYZER_NONNULL = YES;
				CLANG_ANALYZER_NUMBER_OBJECT_CONVERSION = YES_AGGRESSIVE;
				CLANG_CXX_LANGUAGE_STANDARD = "gnu++14";
				CLANG_CXX_LIBRARY = "libc++";
				CLANG_ENABLE_MODULES = YES;
				CLANG_ENABLE_OBJC_ARC = YES;
				CLANG_ENABLE_OBJC_WEAK = YES;
				CLANG_WARN_BLOCK_CAPTURE_AUTORELEASING = YES;
				CLANG_WARN_BOOL_CONVERSION = YES;
				CLANG_WARN_COMMA = YES;
				CLANG_WARN_CONSTANT_CONVERSION = YES;
				CLANG_WARN_DEPRECATED_OBJC_IMPLEMENTATIONS = YES;
				CLANG_WARN_DIRECT_OBJC_ISA_USAGE = YES_ERROR;
				CLANG_WARN_DOCUMENTATION_COMMENTS = YES;
				CLANG_WARN_EMPTY_BODY = YES;
				CLANG_WARN_ENUM_CONVERSION = YES;
				CLANG_WARN_INFINITE_RECURSION = YES;
				CLANG_WARN_INT_CONVERSION = YES;
				CLANG_WARN_NON_LITERAL_NULL_CONVERSION = YES;
				CLANG_WARN_OBJC_IMPLICIT_RETAIN_SELF = YES;
				CLANG_WARN_OBJC_LITERAL_CONVERSION = YES;
				CLANG_WARN_OBJC_ROOT_CLASS = YES_ERROR;
				CLANG_WARN_RANGE_LOOP_ANALYSIS = YES;
				CLANG_WARN_STRICT_PROTOTYPES = YES;
				CLANG_WARN_SUSPICIOUS_MOVE = YES;
				CLANG_WARN_UNGUARDED_AVAILABILITY = YES_AGGRESSIVE;
				CLANG_WARN_UNREACHABLE_CODE = YES;
				CLANG_WARN__DUPLICATE_METHOD_MATCH = YES;
				COPY_PHASE_STRIP = NO;
				DEBUG_INFORMATION_FORMAT = "dwarf-with-dsym";
				ENABLE_NS_ASSERTIONS = NO;
				ENABLE_STRICT_OBJC_MSGSEND = YES;
				GCC_C_LANGUAGE_STANDARD = gnu11;
				GCC_NO_COMMON_BLOCKS = YES;
				GCC_WARN_64_TO_32_BIT_CONVERSION = YES;
				GCC_WARN_ABOUT_RETURN_TYPE = YES_ERROR;
				GCC_WARN_UNDECLARED_SELECTOR = YES;
				GCC_WARN_UNINITIALIZED_AUTOS = YES_AGGRESSIVE;
				GCC_WARN_UNUSED_FUNCTION = YES;
				GCC_WARN_UNUSED_VARIABLE = YES;
				IPHONEOS_DEPLOYMENT_TARGET = 13.1;
				MTL_ENABLE_DEBUG_INFO = NO;
				MTL_FAST_MATH = YES;
				SDKROOT = iphoneos;
				SWIFT_COMPILATION_MODE = wholemodule;
				SWIFT_OPTIMIZATION_LEVEL = "-O";
				VALIDATE_PRODUCT = YES;
			};
			name = Release;
		};
		A1ADD1B22366FE0F003E020A /* Debug */ = {
			isa = XCBuildConfiguration;
			buildSettings = {
				ASSETCATALOG_COMPILER_APPICON_NAME = AppIcon;
				CODE_SIGN_STYLE = Automatic;
				DEVELOPMENT_TEAM = N89CU69VYF;
				INFOPLIST_FILE = weitblick_ios/Info.plist;
				LD_RUNPATH_SEARCH_PATHS = (
					"$(inherited)",
					"@executable_path/Frameworks",
				);
				PRODUCT_BUNDLE_IDENTIFIER = "de.hsos.softwareengineering.weitblick.weitblick-ios";
				PRODUCT_NAME = "$(TARGET_NAME)";
				SWIFT_VERSION = 5.0;
				TARGETED_DEVICE_FAMILY = "1,2";
			};
			name = Debug;
		};
		A1ADD1B32366FE0F003E020A /* Release */ = {
			isa = XCBuildConfiguration;
			buildSettings = {
				ASSETCATALOG_COMPILER_APPICON_NAME = AppIcon;
				CODE_SIGN_STYLE = Automatic;
				DEVELOPMENT_TEAM = N89CU69VYF;
				INFOPLIST_FILE = weitblick_ios/Info.plist;
				LD_RUNPATH_SEARCH_PATHS = (
					"$(inherited)",
					"@executable_path/Frameworks",
				);
				PRODUCT_BUNDLE_IDENTIFIER = "de.hsos.softwareengineering.weitblick.weitblick-ios";
				PRODUCT_NAME = "$(TARGET_NAME)";
				SWIFT_VERSION = 5.0;
				TARGETED_DEVICE_FAMILY = "1,2";
			};
			name = Release;
		};
/* End XCBuildConfiguration section */

/* Begin XCConfigurationList section */
		A1ADD1982366FE05003E020A /* Build configuration list for PBXProject "weitblick_ios" */ = {
			isa = XCConfigurationList;
			buildConfigurations = (
				A1ADD1AF2366FE0F003E020A /* Debug */,
				A1ADD1B02366FE0F003E020A /* Release */,
			);
			defaultConfigurationIsVisible = 0;
			defaultConfigurationName = Release;
		};
		A1ADD1B12366FE0F003E020A /* Build configuration list for PBXNativeTarget "weitblick_ios" */ = {
			isa = XCConfigurationList;
			buildConfigurations = (
				A1ADD1B22366FE0F003E020A /* Debug */,
				A1ADD1B32366FE0F003E020A /* Release */,
			);
			defaultConfigurationIsVisible = 0;
			defaultConfigurationName = Release;
		};
/* End XCConfigurationList section */
	};
	rootObject = A1ADD1952366FE05003E020A /* Project object */;
}
