PODS:
  - OAuthSwift (2.0.0)
  - SwipeableTabBarController (2.1.1)

DEPENDENCIES:
  - OAuthSwift
  - SwipeableTabBarController

SPEC REPOS:
  https://github.com/cocoapods/specs.git:
    - OAuthSwift
    - SwipeableTabBarController

SPEC CHECKSUMS:
  OAuthSwift: 6805456763cf1c7ae0c16765257ed430b7aacae7
  SwipeableTabBarController: 8f7f04275f510c5babb630f7be1161b5f28567e0

PODFILE CHECKSUM: 16f05b8fd553394847bc37e76ff9055aea587889

COCOAPODS: 1.7.1
