PODS:
  - Charts (3.4.0):
    - Charts/Core (= 3.4.0)
  - Charts/Core (3.4.0)
  - HCKalmanFilter (1.2.1):
    - Surge (~> 2.0.0)
  - MarkdownKit (1.5)
  - OAuthSwift (2.1.0)
  - Surge (2.0.0)
  - SwiftKeychainWrapper (3.4.0)
  - SwipeableTabBarController (2.1.1)

DEPENDENCIES:
  - Charts
  - HCKalmanFilter
  - MarkdownKit
  - OAuthSwift
  - SwiftKeychainWrapper (~> 3.4)
  - SwipeableTabBarController

SPEC REPOS:
  trunk:
    - Charts
    - HCKalmanFilter
    - MarkdownKit
    - OAuthSwift
    - Surge
    - SwiftKeychainWrapper
    - SwipeableTabBarController

SPEC CHECKSUMS:
  Charts: 74c9f256eaf0460c0c416522d1cf8c634ea6b286
  HCKalmanFilter: e44b0885101e68f5e1ffefa29efab12c65c301d6
  MarkdownKit: 379028e9cd3ebf05ccac87205cd9aead446159d4
  OAuthSwift: ab1675598273e04355e0282459c328e65c9ddacd
  Surge: 1f0286bc5f0fe4283f3455479895bf85c7ef7760
  SwiftKeychainWrapper: 6fc49fbf7d4a6b0772917acb0e53a1639f6078d6
  SwipeableTabBarController: 8f7f04275f510c5babb630f7be1161b5f28567e0

PODFILE CHECKSUM: a4f4d6aa08bce21b19871ac3996fb3e28c0f547c

COCOAPODS: 1.8.4
