PODS:
  - Charts (3.4.0):
    - Charts/Core (= 3.4.0)
  - Charts/Core (3.4.0)
  - OAuthSwift (2.1.0)
  - SwiftKeychainWrapper (3.4.0)
  - SwipeableTabBarController (2.1.1)

DEPENDENCIES:
  - Charts
  - OAuthSwift
  - SwiftKeychainWrapper (~> 3.4)
  - SwipeableTabBarController

SPEC REPOS:
  trunk:
    - Charts
    - OAuthSwift
    - SwiftKeychainWrapper
    - SwipeableTabBarController

SPEC CHECKSUMS:
  Charts: 74c9f256eaf0460c0c416522d1cf8c634ea6b286
  OAuthSwift: ab1675598273e04355e0282459c328e65c9ddacd
  SwiftKeychainWrapper: 6fc49fbf7d4a6b0772917acb0e53a1639f6078d6
  SwipeableTabBarController: 8f7f04275f510c5babb630f7be1161b5f28567e0

PODFILE CHECKSUM: c401dd298252a680f2d4247fa56181ffd7362c52

COCOAPODS: 1.8.4
